
Microsoft Visual Studio Solution File, Format Version 12.00
# Visual Studio 15
VisualStudioVersion = 15.0.27428.2037
MinimumVisualStudioVersion = 10.0.40219.1
Project("{FAE04EC0-301F-11D3-BF4B-00C04F79EFBC}") = "ClientApplication", "ClientApplication\ClientApplication.csproj", "{DCF778DE-6859-416C-98DA-6ED570BA3295}"
EndProject
Global
	GlobalSection(SolutionConfigurationPlatforms) = preSolution
		Debug|Any CPU = Debug|Any CPU
		Release|Any CPU = Release|Any CPU
	EndGlobalSection
	GlobalSection(ProjectConfigurationPlatforms) = postSolution
		{DCF778DE-6859-416C-98DA-6ED570BA3295}.Debug|Any CPU.ActiveCfg = Debug|Any CPU
		{DCF778DE-6859-416C-98DA-6ED570BA3295}.Debug|Any CPU.Build.0 = Debug|Any CPU
		{DCF778DE-6859-416C-98DA-6ED570BA3295}.Release|Any CPU.ActiveCfg = Release|Any CPU
		{DCF778DE-6859-416C-98DA-6ED570BA3295}.Release|Any CPU.Build.0 = Release|Any CPU
	EndGlobalSection
	GlobalSection(SolutionProperties) = preSolution
		HideSolutionNode = FALSE
	EndGlobalSection
	GlobalSection(ExtensibilityGlobals) = postSolution
		SolutionGuid = {EAA470D7-F40D-4A12-A76E-30BE04EF5AA5}
	EndGlobalSection
EndGlobal
